
Microsoft Visual Studio Solution File, Format Version 12.00
# Visual Studio Version 17
VisualStudioVersion = 17.4.33213.308
MinimumVisualStudioVersion = 10.0.40219.1
Project("{2150E333-8FDC-42A3-9474-1A3956D46DE8}") = "solution", "solution", "{EA9EC06C-9980-41CA-A999-913B26880AFF}"
	ProjectSection(SolutionItems) = preProject
		.dockerignore = .dockerignore
		.gitignore = .gitignore
		Dockerfile = Dockerfile
		MilkyWare.NhsNoValidator.lutconfig = MilkyWare.NhsNoValidator.lutconfig
		README.md = README.md
	EndProjectSection
EndProject
Project("{2150E333-8FDC-42A3-9474-1A3956D46DE8}") = "src", "src", "{257004D3-7A00-484D-9CD4-56274CBC159F}"
EndProject
Project("{9A19103F-16F7-4668-BE54-9A1E7A4F7556}") = "MilkyWare.NhsNoValidator", "src\MilkyWare.NhsNoValidator\MilkyWare.NhsNoValidator.csproj", "{DA13BC55-F431-4AC0-AFFD-6BEBD3EC64ED}"
EndProject
Project("{9A19103F-16F7-4668-BE54-9A1E7A4F7556}") = "MilkyWare.NhsNoValidator.Core", "src\MilkyWare.NhsNoValidator.Core\MilkyWare.NhsNoValidator.Core.csproj", "{7AB0D75F-01DF-4487-BE42-BD050B45A7E0}"
EndProject
Project("{2150E333-8FDC-42A3-9474-1A3956D46DE8}") = "test", "test", "{58D62137-D901-4DE3-8BB8-D259E50462D2}"
EndProject
Project("{9A19103F-16F7-4668-BE54-9A1E7A4F7556}") = "MilkyWare.NhsNoValidator.Core.Tests", "tests\MilkyWare.NhsNoValidator.Core.Tests\MilkyWare.NhsNoValidator.Core.Tests.csproj", "{BC8B476D-AADC-4474-B608-0B6A3F81009C}"
EndProject
Global
	GlobalSection(SolutionConfigurationPlatforms) = preSolution
		Debug|Any CPU = Debug|Any CPU
		Release|Any CPU = Release|Any CPU
	EndGlobalSection
	GlobalSection(ProjectConfigurationPlatforms) = postSolution
		{DA13BC55-F431-4AC0-AFFD-6BEBD3EC64ED}.Debug|Any CPU.ActiveCfg = Debug|Any CPU
		{DA13BC55-F431-4AC0-AFFD-6BEBD3EC64ED}.Debug|Any CPU.Build.0 = Debug|Any CPU
		{DA13BC55-F431-4AC0-AFFD-6BEBD3EC64ED}.Release|Any CPU.ActiveCfg = Release|Any CPU
		{DA13BC55-F431-4AC0-AFFD-6BEBD3EC64ED}.Release|Any CPU.Build.0 = Release|Any CPU
		{7AB0D75F-01DF-4487-BE42-BD050B45A7E0}.Debug|Any CPU.ActiveCfg = Debug|Any CPU
		{7AB0D75F-01DF-4487-BE42-BD050B45A7E0}.Debug|Any CPU.Build.0 = Debug|Any CPU
		{7AB0D75F-01DF-4487-BE42-BD050B45A7E0}.Release|Any CPU.ActiveCfg = Release|Any CPU
		{7AB0D75F-01DF-4487-BE42-BD050B45A7E0}.Release|Any CPU.Build.0 = Release|Any CPU
		{BC8B476D-AADC-4474-B608-0B6A3F81009C}.Debug|Any CPU.ActiveCfg = Debug|Any CPU
		{BC8B476D-AADC-4474-B608-0B6A3F81009C}.Debug|Any CPU.Build.0 = Debug|Any CPU
		{BC8B476D-AADC-4474-B608-0B6A3F81009C}.Release|Any CPU.ActiveCfg = Release|Any CPU
		{BC8B476D-AADC-4474-B608-0B6A3F81009C}.Release|Any CPU.Build.0 = Release|Any CPU
	EndGlobalSection
	GlobalSection(SolutionProperties) = preSolution
		HideSolutionNode = FALSE
	EndGlobalSection
	GlobalSection(NestedProjects) = preSolution
		{DA13BC55-F431-4AC0-AFFD-6BEBD3EC64ED} = {257004D3-7A00-484D-9CD4-56274CBC159F}
		{7AB0D75F-01DF-4487-BE42-BD050B45A7E0} = {257004D3-7A00-484D-9CD4-56274CBC159F}
		{BC8B476D-AADC-4474-B608-0B6A3F81009C} = {58D62137-D901-4DE3-8BB8-D259E50462D2}
	EndGlobalSection
	GlobalSection(ExtensibilityGlobals) = postSolution
		SolutionGuid = {0A5D7922-07D1-4D5A-A3A7-78FDBC5E6218}
	EndGlobalSection
EndGlobal
